
Microsoft Visual Studio Solution File, Format Version 12.00
# Visual Studio Version 17
VisualStudioVersion = 17.11.35208.52
MinimumVisualStudioVersion = 10.0.40219.1
Project("{8BC9CEB8-8B4A-11D0-8D11-00A0C91BC942}") = "lab_7.3rec", "lab_7.3rec.vcxproj", "{F58CF64A-9C91-4F49-8339-02E501E7911B}"
EndProject
Project("{8BC9CEB8-8B4A-11D0-8D11-00A0C91BC942}") = "UnitTest1", "..\UnitTest1\UnitTest1.vcxproj", "{77B28D78-2ADF-44CB-97CE-422395F37A72}"
EndProject
Global
	GlobalSection(SolutionConfigurationPlatforms) = preSolution
		Debug|x64 = Debug|x64
		Debug|x86 = Debug|x86
		Release|x64 = Release|x64
		Release|x86 = Release|x86
	EndGlobalSection
	GlobalSection(ProjectConfigurationPlatforms) = postSolution
		{F58CF64A-9C91-4F49-8339-02E501E7911B}.Debug|x64.ActiveCfg = Debug|x64
		{F58CF64A-9C91-4F49-8339-02E501E7911B}.Debug|x64.Build.0 = Debug|x64
		{F58CF64A-9C91-4F49-8339-02E501E7911B}.Debug|x86.ActiveCfg = Debug|Win32
		{F58CF64A-9C91-4F49-8339-02E501E7911B}.Debug|x86.Build.0 = Debug|Win32
		{F58CF64A-9C91-4F49-8339-02E501E7911B}.Release|x64.ActiveCfg = Release|x64
		{F58CF64A-9C91-4F49-8339-02E501E7911B}.Release|x64.Build.0 = Release|x64
		{F58CF64A-9C91-4F49-8339-02E501E7911B}.Release|x86.ActiveCfg = Release|Win32
		{F58CF64A-9C91-4F49-8339-02E501E7911B}.Release|x86.Build.0 = Release|Win32
		{77B28D78-2ADF-44CB-97CE-422395F37A72}.Debug|x64.ActiveCfg = Debug|x64
		{77B28D78-2ADF-44CB-97CE-422395F37A72}.Debug|x64.Build.0 = Debug|x64
		{77B28D78-2ADF-44CB-97CE-422395F37A72}.Debug|x86.ActiveCfg = Debug|Win32
		{77B28D78-2ADF-44CB-97CE-422395F37A72}.Debug|x86.Build.0 = Debug|Win32
		{77B28D78-2ADF-44CB-97CE-422395F37A72}.Release|x64.ActiveCfg = Release|x64
		{77B28D78-2ADF-44CB-97CE-422395F37A72}.Release|x64.Build.0 = Release|x64
		{77B28D78-2ADF-44CB-97CE-422395F37A72}.Release|x86.ActiveCfg = Release|Win32
		{77B28D78-2ADF-44CB-97CE-422395F37A72}.Release|x86.Build.0 = Release|Win32
	EndGlobalSection
	GlobalSection(SolutionProperties) = preSolution
		HideSolutionNode = FALSE
	EndGlobalSection
	GlobalSection(ExtensibilityGlobals) = postSolution
		SolutionGuid = {8EF0EE85-2988-4DC8-9F37-35CD807A2EA8}
	EndGlobalSection
EndGlobal
